{"format_version":"0.1","provider_schemas":{"registry.terraform.io/-/null":{"provider":{"version":0,"block":{"description_kind":"plain"}},"resource_schemas":{"null_resource":{"version":0,"block":{"attributes":{"id":{"type":"string","description_kind":"plain","optional":true,"computed":true},"triggers":{"type":["map","string"],"description_kind":"plain","optional":true}},"description_kind":"plain"}}},"data_source_schemas":{"null_data_source":{"version":0,"block":{"attributes":{"has_computed_default":{"type":"string","description_kind":"plain","optional":true,"computed":true},"id":{"type":"string","description_kind":"plain","optional":true,"computed":true},"inputs":{"type":["map","string"],"description_kind":"plain","optional":true},"outputs":{"type":["map","string"],"description_kind":"plain","computed":true},"random":{"type":"string","description_kind":"plain","computed":true}},"description_kind":"plain"}}}},"registry.terraform.io/hashicorp/null":{"provider":{"version":0,"block":{"description_kind":"plain"}},"resource_schemas":{"null_resource":{"version":0,"block":{"attributes":{"id":{"type":"string","description_kind":"plain","optional":true,"computed":true},"triggers":{"type":["map","string"],"description_kind":"plain","optional":true}},"description_kind":"plain"}}},"data_source_schemas":{"null_data_source":{"version":0,"block":{"attributes":{"has_computed_default":{"type":"string","description_kind":"plain","optional":true,"computed":true},"id":{"type":"string","description_kind":"plain","optional":true,"computed":true},"inputs":{"type":["map","string"],"description_kind":"plain","optional":true},"outputs":{"type":["map","string"],"description_kind":"plain","computed":true},"random":{"type":"string","description_kind":"plain","computed":true}},"description_kind":"plain"}}}}}}
