{"format_version":"1.2","terraform_version":"1.5.4","planned_values":{"root_module":{"child_modules":[{"resources":[{"address":"module.files.local_file.foo[\"file1.txt\"]","mode":"managed","type":"local_file","name":"foo","index":"file1.txt","provider_name":"registry.terraform.io/hashicorp/local","schema_version":0,"values":{"content":"Hello, World!","content_base64":null,"directory_permission":"0777","file_permission":"0777","filename":"file1.txt","sensitive_content":null,"source":null},"sensitive_values":{}},{"address":"module.files.local_file.foo[\"file2.txt\"]","mode":"managed","type":"local_file","name":"foo","index":"file2.txt","provider_name":"registry.terraform.io/hashicorp/local","schema_version":0,"values":{"content":"Hello, World!","content_base64":null,"directory_permission":"0777","file_permission":"0777","filename":"file2.txt","sensitive_content":null,"source":null},"sensitive_values":{}}],"address":"module.files"}]}},"resource_changes":[{"address":"module.files.local_file.foo[\"file1.txt\"]","module_address":"module.files","mode":"managed","type":"local_file","name":"foo","index":"file1.txt","provider_name":"registry.terraform.io/hashicorp/local","change":{"actions":["create"],"before":null,"after":{"content":"Hello, World!","content_base64":null,"directory_permission":"0777","file_permission":"0777","filename":"file1.txt","sensitive_content":null,"source":null},"after_unknown":{"content_base64sha256":true,"content_base64sha512":true,"content_md5":true,"content_sha1":true,"content_sha256":true,"content_sha512":true,"id":true},"before_sensitive":false,"after_sensitive":{"sensitive_content":true}}},{"address":"module.files.local_file.foo[\"file2.txt\"]","module_address":"module.files","mode":"managed","type":"local_file","name":"foo","index":"file2.txt","provider_name":"registry.terraform.io/hashicorp/local","change":{"actions":["create"],"before":null,"after":{"content":"Hello, World!","content_base64":null,"directory_permission":"0777","file_permission":"0777","filename":"file2.txt","sensitive_content":null,"source":null},"after_unknown":{"content_base64sha256":true,"content_base64sha512":true,"content_md5":true,"content_sha1":true,"content_sha256":true,"content_sha512":true,"id":true},"before_sensitive":false,"after_sensitive":{"sensitive_content":true}}}],"configuration":{"provider_config":{"module.files:local":{"name":"local","full_name":"registry.terraform.io/hashicorp/local","module_address":"module.files"}},"root_module":{"module_calls":{"files":{"source":"./child_module","expressions":{"file_names":{"constant_value":["file1.txt","file2.txt"]}},"module":{"resources":[{"address":"local_file.foo","mode":"managed","type":"local_file","name":"foo","provider_config_key":"module.files:local","expressions":{"content":{"constant_value":"Hello, World!"},"filename":{"references":["each.value"]}},"schema_version":0,"for_each_expression":{"references":["var.file_names"]}}],"variables":{"file_names":{"default":["file1.txt"]}}}}}}},"checks":[{"address":{"to_display":"module.files.local_file.foo","kind":"resource","module":"module.files","mode":"managed","type":"local_file","name":"foo"},"status":"pass","instances":[{"address":{"to_display":"module.files.local_file.foo[\"file1.txt\"]","module":"module.files","instance_key":"file1.txt"},"status":"pass"},{"address":{"to_display":"module.files.local_file.foo[\"file2.txt\"]","module":"module.files","instance_key":"file2.txt"},"status":"pass"}]}],"timestamp":"2023-08-30T10:38:39Z"}
