{"format_version":"1.0","provider_schemas":{"registry.terraform.io/hashicorp/local":{"provider":{"version":0,"block":{"description_kind":"plain"}},"resource_schemas":{"local_file":{"version":0,"block":{"attributes":{"content":{"type":"string","description":"Content to store in the file, expected to be a UTF-8 encoded string.\n Conflicts with `sensitive_content`, `content_base64` and `source`.\n Exactly one of these four arguments must be specified.","description_kind":"plain","optional":true},"content_base64":{"type":"string","description":"Content to store in the file, expected to be binary encoded as base64 string.\n Conflicts with `content`, `sensitive_content` and `source`.\n Exactly one of these four arguments must be specified.","description_kind":"plain","optional":true},"content_base64sha256":{"type":"string","description":"Base64 encoded SHA256 checksum of file content.","description_kind":"plain","computed":true},"content_base64sha512":{"type":"string","description":"Base64 encoded SHA512 checksum of file content.","description_kind":"plain","computed":true},"content_md5":{"type":"string","description":"MD5 checksum of file content.","description_kind":"plain","computed":true},"content_sha1":{"type":"string","description":"SHA1 checksum of file content.","description_kind":"plain","computed":true},"content_sha256":{"type":"string","description":"SHA256 checksum of file content.","description_kind":"plain","computed":true},"content_sha512":{"type":"string","description":"SHA512 checksum of file content.","description_kind":"plain","computed":true},"directory_permission":{"type":"string","description":"Permissions to set for directories created (before umask), expressed as string in\n [numeric notation](https://en.wikipedia.org/wiki/File-system_permissions#Numeric_notation).\n Default value is `\"0777\"`.","description_kind":"plain","optional":true,"computed":true},"file_permission":{"type":"string","description":"Permissions to set for the output file (before umask), expressed as string in\n [numeric notation](https://en.wikipedia.org/wiki/File-system_permissions#Numeric_notation).\n Default value is `\"0777\"`.","description_kind":"plain","optional":true,"computed":true},"filename":{"type":"string","description":"The path to the file that will be created.\n Missing parent directories will be created.\n If the file already exists, it will be overridden with the given content.","description_kind":"plain","required":true},"id":{"type":"string","description":"The hexadecimal encoding of the SHA1 checksum of the file content.","description_kind":"plain","computed":true},"sensitive_content":{"type":"string","description":"Sensitive content to store in the file, expected to be an UTF-8 encoded string.\n Will not be displayed in diffs.\n Conflicts with `content`, `content_base64` and `source`.\n Exactly one of these four arguments must be specified.\n If in need to use _sensitive_ content, please use the [`local_sensitive_file`](./sensitive_file.html)\n resource instead.","description_kind":"plain","deprecated":true,"optional":true,"sensitive":true},"source":{"type":"string","description":"Path to file to use as source for the one we are creating.\n Conflicts with `content`, `sensitive_content` and `content_base64`.\n Exactly one of these four arguments must be specified.","description_kind":"plain","optional":true}},"description":"Generates a local file with the given content.","description_kind":"plain"}},"local_sensitive_file":{"version":0,"block":{"attributes":{"content":{"type":"string","description":"Sensitive Content to store in the file, expected to be a UTF-8 encoded string.\n Conflicts with `content_base64` and `source`.\n Exactly one of these three arguments must be specified.","description_kind":"plain","optional":true,"sensitive":true},"content_base64":{"type":"string","description":"Sensitive Content to store in the file, expected to be binary encoded as base64 string.\n Conflicts with `content` and `source`.\n Exactly one of these three arguments must be specified.","description_kind":"plain","optional":true,"sensitive":true},"content_base64sha256":{"type":"string","description":"Base64 encoded SHA256 checksum of file content.","description_kind":"plain","computed":true},"content_base64sha512":{"type":"string","description":"Base64 encoded SHA512 checksum of file content.","description_kind":"plain","computed":true},"content_md5":{"type":"string","description":"MD5 checksum of file content.","description_kind":"plain","computed":true},"content_sha1":{"type":"string","description":"SHA1 checksum of file content.","description_kind":"plain","computed":true},"content_sha256":{"type":"string","description":"SHA256 checksum of file content.","description_kind":"plain","computed":true},"content_sha512":{"type":"string","description":"SHA512 checksum of file content.","description_kind":"plain","computed":true},"directory_permission":{"type":"string","description":"Permissions to set for directories created (before umask), expressed as string in\n [numeric notation](https://en.wikipedia.org/wiki/File-system_permissions#Numeric_notation).\n Default value is `\"0700\"`.","description_kind":"plain","optional":true,"computed":true},"file_permission":{"type":"string","description":"Permissions to set for the output file (before umask), expressed as string in\n [numeric notation](https://en.wikipedia.org/wiki/File-system_permissions#Numeric_notation).\n Default value is `\"0700\"`.","description_kind":"plain","optional":true,"computed":true},"filename":{"type":"string","description":"The path to the file that will be created.\n Missing parent directories will be created.\n If the file already exists, it will be overridden with the given content.","description_kind":"plain","required":true},"id":{"type":"string","description":"The hexadecimal encoding of the SHA1 checksum of the file content.","description_kind":"plain","computed":true},"source":{"type":"string","description":"Path to file to use as source for the one we are creating.\n Conflicts with `content` and `content_base64`.\n Exactly one of these three arguments must be specified.","description_kind":"plain","optional":true}},"description":"Generates a local file with the given sensitive content.","description_kind":"plain"}}},"data_source_schemas":{"local_file":{"version":0,"block":{"attributes":{"content":{"type":"string","description":"Raw content of the file that was read, as UTF-8 encoded string. Files that do not contain UTF-8 text will have invalid UTF-8 sequences in `content`\n  replaced with the Unicode replacement character. ","description_kind":"plain","computed":true},"content_base64":{"type":"string","description":"Base64 encoded version of the file content (use this when dealing with binary data).","description_kind":"plain","computed":true},"content_base64sha256":{"type":"string","description":"Base64 encoded SHA256 checksum of file content.","description_kind":"plain","computed":true},"content_base64sha512":{"type":"string","description":"Base64 encoded SHA512 checksum of file content.","description_kind":"plain","computed":true},"content_md5":{"type":"string","description":"MD5 checksum of file content.","description_kind":"plain","computed":true},"content_sha1":{"type":"string","description":"SHA1 checksum of file content.","description_kind":"plain","computed":true},"content_sha256":{"type":"string","description":"SHA256 checksum of file content.","description_kind":"plain","computed":true},"content_sha512":{"type":"string","description":"SHA512 checksum of file content.","description_kind":"plain","computed":true},"filename":{"type":"string","description":"Path to the file that will be read. The data source will return an error if the file does not exist.","description_kind":"plain","required":true},"id":{"type":"string","description":"The hexadecimal encoding of the SHA1 checksum of the file content.","description_kind":"plain","computed":true}},"description":"Reads a file from the local filesystem.","description_kind":"plain"}},"local_sensitive_file":{"version":0,"block":{"attributes":{"content":{"type":"string","description":"Raw content of the file that was read, as UTF-8 encoded string. Files that do not contain UTF-8 text will have invalid UTF-8 sequences in `content`\n  replaced with the Unicode replacement character.","description_kind":"plain","computed":true,"sensitive":true},"content_base64":{"type":"string","description":"Base64 encoded version of the file content (use this when dealing with binary data).","description_kind":"plain","computed":true,"sensitive":true},"content_base64sha256":{"type":"string","description":"Base64 encoded SHA256 checksum of file content.","description_kind":"plain","computed":true},"content_base64sha512":{"type":"string","description":"Base64 encoded SHA512 checksum of file content.","description_kind":"plain","computed":true},"content_md5":{"type":"string","description":"MD5 checksum of file content.","description_kind":"plain","computed":true},"content_sha1":{"type":"string","description":"SHA1 checksum of file content.","description_kind":"plain","computed":true},"content_sha256":{"type":"string","description":"SHA256 checksum of file content.","description_kind":"plain","computed":true},"content_sha512":{"type":"string","description":"SHA512 checksum of file content.","description_kind":"plain","computed":true},"filename":{"type":"string","description":"Path to the file that will be read. The data source will return an error if the file does not exist.","description_kind":"plain","required":true},"id":{"type":"string","description":"The hexadecimal encoding of the SHA1 checksum of the file content.","description_kind":"plain","computed":true}},"description":"Reads a file that contains sensitive data, from the local filesystem.","description_kind":"plain"}}}}}}
